
Microsoft Visual Studio Solution File, Format Version 12.00
# Visual Studio 15
VisualStudioVersion = 15.0.26124.0
MinimumVisualStudioVersion = 15.0.26124.0
Project("{FAE04EC0-301F-11D3-BF4B-00C04F79EFBC}") = "Domain", "Domain\Domain.csproj", "{F44EEC5A-FDE2-4E4C-8994-E974CED0681B}"
EndProject
Project("{FAE04EC0-301F-11D3-BF4B-00C04F79EFBC}") = "Application", "Application\Application.csproj", "{08DBADEF-DB3B-41DD-85B2-8E0CA22D5367}"
EndProject
Project("{FAE04EC0-301F-11D3-BF4B-00C04F79EFBC}") = "Persistence", "Persistence\Persistence.csproj", "{43BC38C0-EBAE-4BC6-A122-1281C3F2FAC3}"
EndProject
Project("{FAE04EC0-301F-11D3-BF4B-00C04F79EFBC}") = "API", "API\API.csproj", "{42F56C49-CC28-4EEE-A205-DDAD3D2F5F3A}"
EndProject
Global
	GlobalSection(SolutionConfigurationPlatforms) = preSolution
		Debug|Any CPU = Debug|Any CPU
		Debug|x64 = Debug|x64
		Debug|x86 = Debug|x86
		Release|Any CPU = Release|Any CPU
		Release|x64 = Release|x64
		Release|x86 = Release|x86
	EndGlobalSection
	GlobalSection(SolutionProperties) = preSolution
		HideSolutionNode = FALSE
	EndGlobalSection
	GlobalSection(ProjectConfigurationPlatforms) = postSolution
		{F44EEC5A-FDE2-4E4C-8994-E974CED0681B}.Debug|Any CPU.ActiveCfg = Debug|Any CPU
		{F44EEC5A-FDE2-4E4C-8994-E974CED0681B}.Debug|Any CPU.Build.0 = Debug|Any CPU
		{F44EEC5A-FDE2-4E4C-8994-E974CED0681B}.Debug|x64.ActiveCfg = Debug|Any CPU
		{F44EEC5A-FDE2-4E4C-8994-E974CED0681B}.Debug|x64.Build.0 = Debug|Any CPU
		{F44EEC5A-FDE2-4E4C-8994-E974CED0681B}.Debug|x86.ActiveCfg = Debug|Any CPU
		{F44EEC5A-FDE2-4E4C-8994-E974CED0681B}.Debug|x86.Build.0 = Debug|Any CPU
		{F44EEC5A-FDE2-4E4C-8994-E974CED0681B}.Release|Any CPU.ActiveCfg = Release|Any CPU
		{F44EEC5A-FDE2-4E4C-8994-E974CED0681B}.Release|Any CPU.Build.0 = Release|Any CPU
		{F44EEC5A-FDE2-4E4C-8994-E974CED0681B}.Release|x64.ActiveCfg = Release|Any CPU
		{F44EEC5A-FDE2-4E4C-8994-E974CED0681B}.Release|x64.Build.0 = Release|Any CPU
		{F44EEC5A-FDE2-4E4C-8994-E974CED0681B}.Release|x86.ActiveCfg = Release|Any CPU
		{F44EEC5A-FDE2-4E4C-8994-E974CED0681B}.Release|x86.Build.0 = Release|Any CPU
		{08DBADEF-DB3B-41DD-85B2-8E0CA22D5367}.Debug|Any CPU.ActiveCfg = Debug|Any CPU
		{08DBADEF-DB3B-41DD-85B2-8E0CA22D5367}.Debug|Any CPU.Build.0 = Debug|Any CPU
		{08DBADEF-DB3B-41DD-85B2-8E0CA22D5367}.Debug|x64.ActiveCfg = Debug|Any CPU
		{08DBADEF-DB3B-41DD-85B2-8E0CA22D5367}.Debug|x64.Build.0 = Debug|Any CPU
		{08DBADEF-DB3B-41DD-85B2-8E0CA22D5367}.Debug|x86.ActiveCfg = Debug|Any CPU
		{08DBADEF-DB3B-41DD-85B2-8E0CA22D5367}.Debug|x86.Build.0 = Debug|Any CPU
		{08DBADEF-DB3B-41DD-85B2-8E0CA22D5367}.Release|Any CPU.ActiveCfg = Release|Any CPU
		{08DBADEF-DB3B-41DD-85B2-8E0CA22D5367}.Release|Any CPU.Build.0 = Release|Any CPU
		{08DBADEF-DB3B-41DD-85B2-8E0CA22D5367}.Release|x64.ActiveCfg = Release|Any CPU
		{08DBADEF-DB3B-41DD-85B2-8E0CA22D5367}.Release|x64.Build.0 = Release|Any CPU
		{08DBADEF-DB3B-41DD-85B2-8E0CA22D5367}.Release|x86.ActiveCfg = Release|Any CPU
		{08DBADEF-DB3B-41DD-85B2-8E0CA22D5367}.Release|x86.Build.0 = Release|Any CPU
		{43BC38C0-EBAE-4BC6-A122-1281C3F2FAC3}.Debug|Any CPU.ActiveCfg = Debug|Any CPU
		{43BC38C0-EBAE-4BC6-A122-1281C3F2FAC3}.Debug|Any CPU.Build.0 = Debug|Any CPU
		{43BC38C0-EBAE-4BC6-A122-1281C3F2FAC3}.Debug|x64.ActiveCfg = Debug|Any CPU
		{43BC38C0-EBAE-4BC6-A122-1281C3F2FAC3}.Debug|x64.Build.0 = Debug|Any CPU
		{43BC38C0-EBAE-4BC6-A122-1281C3F2FAC3}.Debug|x86.ActiveCfg = Debug|Any CPU
		{43BC38C0-EBAE-4BC6-A122-1281C3F2FAC3}.Debug|x86.Build.0 = Debug|Any CPU
		{43BC38C0-EBAE-4BC6-A122-1281C3F2FAC3}.Release|Any CPU.ActiveCfg = Release|Any CPU
		{43BC38C0-EBAE-4BC6-A122-1281C3F2FAC3}.Release|Any CPU.Build.0 = Release|Any CPU
		{43BC38C0-EBAE-4BC6-A122-1281C3F2FAC3}.Release|x64.ActiveCfg = Release|Any CPU
		{43BC38C0-EBAE-4BC6-A122-1281C3F2FAC3}.Release|x64.Build.0 = Release|Any CPU
		{43BC38C0-EBAE-4BC6-A122-1281C3F2FAC3}.Release|x86.ActiveCfg = Release|Any CPU
		{43BC38C0-EBAE-4BC6-A122-1281C3F2FAC3}.Release|x86.Build.0 = Release|Any CPU
		{42F56C49-CC28-4EEE-A205-DDAD3D2F5F3A}.Debug|Any CPU.ActiveCfg = Debug|Any CPU
		{42F56C49-CC28-4EEE-A205-DDAD3D2F5F3A}.Debug|Any CPU.Build.0 = Debug|Any CPU
		{42F56C49-CC28-4EEE-A205-DDAD3D2F5F3A}.Debug|x64.ActiveCfg = Debug|Any CPU
		{42F56C49-CC28-4EEE-A205-DDAD3D2F5F3A}.Debug|x64.Build.0 = Debug|Any CPU
		{42F56C49-CC28-4EEE-A205-DDAD3D2F5F3A}.Debug|x86.ActiveCfg = Debug|Any CPU
		{42F56C49-CC28-4EEE-A205-DDAD3D2F5F3A}.Debug|x86.Build.0 = Debug|Any CPU
		{42F56C49-CC28-4EEE-A205-DDAD3D2F5F3A}.Release|Any CPU.ActiveCfg = Release|Any CPU
		{42F56C49-CC28-4EEE-A205-DDAD3D2F5F3A}.Release|Any CPU.Build.0 = Release|Any CPU
		{42F56C49-CC28-4EEE-A205-DDAD3D2F5F3A}.Release|x64.ActiveCfg = Release|Any CPU
		{42F56C49-CC28-4EEE-A205-DDAD3D2F5F3A}.Release|x64.Build.0 = Release|Any CPU
		{42F56C49-CC28-4EEE-A205-DDAD3D2F5F3A}.Release|x86.ActiveCfg = Release|Any CPU
		{42F56C49-CC28-4EEE-A205-DDAD3D2F5F3A}.Release|x86.Build.0 = Release|Any CPU
	EndGlobalSection
EndGlobal
